dependencies:
  espressif/iqmath:
    component_hash: 407d5bc3fd358a73d2b09982918ab508b4e804cc547942c5979d226be86b7e75
    dependencies:
    - name: idf
      require: private
      version: '>=4.4'
    source:
      registry_url: https://components.espressif.com/
      type: service
    version: 1.11.0
  idf:
    source:
      type: idf
    version: 5.4.1
direct_dependencies:
- espressif/iqmath
- idf
manifest_hash: b5312edc10164529d837232895f4b8ee225e00a169ba35f1875e863986c42bbd
target: esp32
version: 2.0.0
